
Microsoft Visual Studio Solution File, Format Version 12.00
# Visual Studio Version 17
VisualStudioVersion = 17.6.33801.468
MinimumVisualStudioVersion = 10.0.40219.1
Project("{FAE04EC0-301F-11D3-BF4B-00C04F79EFBC}") = "CoffeeMachine", "CoffeeMachine\CoffeeMachine.csproj", "{3DDBD954-D231-4F7D-8D15-D9EED9E3A32C}"
EndProject
Global
	GlobalSection(SolutionConfigurationPlatforms) = preSolution
		Debug|Any CPU = Debug|Any CPU
		Release|Any CPU = Release|Any CPU
	EndGlobalSection
	GlobalSection(ProjectConfigurationPlatforms) = postSolution
		{3DDBD954-D231-4F7D-8D15-D9EED9E3A32C}.Debug|Any CPU.ActiveCfg = Debug|Any CPU
		{3DDBD954-D231-4F7D-8D15-D9EED9E3A32C}.Debug|Any CPU.Build.0 = Debug|Any CPU
		{3DDBD954-D231-4F7D-8D15-D9EED9E3A32C}.Release|Any CPU.ActiveCfg = Release|Any CPU
		{3DDBD954-D231-4F7D-8D15-D9EED9E3A32C}.Release|Any CPU.Build.0 = Release|Any CPU
	EndGlobalSection
	GlobalSection(SolutionProperties) = preSolution
		HideSolutionNode = FALSE
	EndGlobalSection
	GlobalSection(ExtensibilityGlobals) = postSolution
		SolutionGuid = {35117EF5-EF61-475E-B912-BD0D65651FE7}
	EndGlobalSection
EndGlobal
